
Microsoft Visual Studio Solution File, Format Version 12.00
# Visual Studio 15
VisualStudioVersion = 15.0.28307.329
MinimumVisualStudioVersion = 10.0.40219.1
Project("{FAE04EC0-301F-11D3-BF4B-00C04F79EFBC}") = "MasterMInd", "ConsoleApp1\MasterMInd.csproj", "{9C2054A1-E3FE-4089-9904-372662C8E339}"
EndProject
Global
	GlobalSection(SolutionConfigurationPlatforms) = preSolution
		Debug|Any CPU = Debug|Any CPU
		Release|Any CPU = Release|Any CPU
	EndGlobalSection
	GlobalSection(ProjectConfigurationPlatforms) = postSolution
		{9C2054A1-E3FE-4089-9904-372662C8E339}.Debug|Any CPU.ActiveCfg = Debug|Any CPU
		{9C2054A1-E3FE-4089-9904-372662C8E339}.Debug|Any CPU.Build.0 = Debug|Any CPU
		{9C2054A1-E3FE-4089-9904-372662C8E339}.Release|Any CPU.ActiveCfg = Release|Any CPU
		{9C2054A1-E3FE-4089-9904-372662C8E339}.Release|Any CPU.Build.0 = Release|Any CPU
	EndGlobalSection
	GlobalSection(SolutionProperties) = preSolution
		HideSolutionNode = FALSE
	EndGlobalSection
	GlobalSection(ExtensibilityGlobals) = postSolution
		SolutionGuid = {1F71510B-F50D-43F4-9454-1193BD032DD1}
	EndGlobalSection
EndGlobal
